// !$*UTF8*$!
{
	archiveVersion = 1;
	classes = {
	};
	objectVersion = 56;
	objects = {

/* Begin PBXBuildFile section */
		72699E942B3116960000B61F /* TextGestureAnimation.swift in Sources */ = {isa = PBXBuildFile; fileRef = 72699E932B3116960000B61F /* TextGestureAnimation.swift */; };
		72699E962B3118E20000B61F /* ConditionalViewToggleAnim.swift in Sources */ = {isa = PBXBuildFile; fileRef = 72699E952B3118E20000B61F /* ConditionalViewToggleAnim.swift */; };
		72699E982B3124BD0000B61F /* CustomTransitionAnim.swift in Sources */ = {isa = PBXBuildFile; fileRef = 72699E972B3124BD0000B61F /* CustomTransitionAnim.swift */; };
		7274153E2B2FADF400A6D6BE /* Animations_6App.swift in Sources */ = {isa = PBXBuildFile; fileRef = 7274153D2B2FADF400A6D6BE /* Animations_6App.swift */; };
		727415402B2FADF400A6D6BE /* ContentView.swift in Sources */ = {isa = PBXBuildFile; fileRef = 7274153F2B2FADF400A6D6BE /* ContentView.swift */; };
		727415422B2FADF500A6D6BE /* Assets.xcassets in Resources */ = {isa = PBXBuildFile; fileRef = 727415412B2FADF500A6D6BE /* Assets.xcassets */; };
		727415452B2FADF500A6D6BE /* Preview Assets.xcassets in Resources */ = {isa = PBXBuildFile; fileRef = 727415442B2FADF500A6D6BE /* Preview Assets.xcassets */; };
		7274154C2B30088400A6D6BE /* GestureAnimaitonBoxDrag.swift in Sources */ = {isa = PBXBuildFile; fileRef = 7274154B2B30088400A6D6BE /* GestureAnimaitonBoxDrag.swift */; };
/* End PBXBuildFile section */

/* Begin PBXFileReference section */
		72699E932B3116960000B61F /* TextGestureAnimation.swift */ = {isa = PBXFileReference; lastKnownFileType = sourcecode.swift; path = TextGestureAnimation.swift; sourceTree = "<group>"; };
		72699E952B3118E20000B61F /* ConditionalViewToggleAnim.swift */ = {isa = PBXFileReference; lastKnownFileType = sourcecode.swift; path = ConditionalViewToggleAnim.swift; sourceTree = "<group>"; };
		72699E972B3124BD0000B61F /* CustomTransitionAnim.swift */ = {isa = PBXFileReference; lastKnownFileType = sourcecode.swift; path = CustomTransitionAnim.swift; sourceTree = "<group>"; };
		7274153A2B2FADF400A6D6BE /* Animations-6.app */ = {isa = PBXFileReference; explicitFileType = wrapper.application; includeInIndex = 0; path = "Animations-6.app"; sourceTree = BUILT_PRODUCTS_DIR; };
		7274153D2B2FADF400A6D6BE /* Animations_6App.swift */ = {isa = PBXFileReference; lastKnownFileType = sourcecode.swift; path = Animations_6App.swift; sourceTree = "<group>"; };
		7274153F2B2FADF400A6D6BE /* ContentView.swift */ = {isa = PBXFileReference; lastKnownFileType = sourcecode.swift; path = ContentView.swift; sourceTree = "<group>"; };
		727415412B2FADF500A6D6BE /* Assets.xcassets */ = {isa = PBXFileReference; lastKnownFileType = folder.assetcatalog; path = Assets.xcassets; sourceTree = "<group>"; };
		727415442B2FADF500A6D6BE /* Preview Assets.xcassets */ = {isa = PBXFileReference; lastKnownFileType = folder.assetcatalog; path = "Preview Assets.xcassets"; sourceTree = "<group>"; };
		7274154B2B30088400A6D6BE /* GestureAnimaitonBoxDrag.swift */ = {isa = PBXFileReference; lastKnownFileType = sourcecode.swift; path = GestureAnimaitonBoxDrag.swift; sourceTree = "<group>"; };
/* End PBXFileReference section */

/* Begin PBXFrameworksBuildPhase section */
		727415372B2FADF400A6D6BE /* Frameworks */ = {
			isa = PBXFrameworksBuildPhase;
			buildActionMask = 2147483647;
			files = (
			);
			runOnlyForDeploymentPostprocessing = 0;
		};
/* End PBXFrameworksBuildPhase section */

/* Begin PBXGroup section */
		727415312B2FADF400A6D6BE = {
			isa = PBXGroup;
			children = (
				7274153C2B2FADF400A6D6BE /* Animations-6 */,
				7274153B2B2FADF400A6D6BE /* Products */,
			);
			sourceTree = "<group>";
		};
		7274153B2B2FADF400A6D6BE /* Products */ = {
			isa = PBXGroup;
			children = (
				7274153A2B2FADF400A6D6BE /* Animations-6.app */,
			);
			name = Products;
			sourceTree = "<group>";
		};
		7274153C2B2FADF400A6D6BE /* Animations-6 */ = {
			isa = PBXGroup;
			children = (
				7274153D2B2FADF400A6D6BE /* Animations_6App.swift */,
				7274153F2B2FADF400A6D6BE /* ContentView.swift */,
				727415412B2FADF500A6D6BE /* Assets.xcassets */,
				727415432B2FADF500A6D6BE /* Preview Content */,
				7274154B2B30088400A6D6BE /* GestureAnimaitonBoxDrag.swift */,
				72699E932B3116960000B61F /* TextGestureAnimation.swift */,
				72699E952B3118E20000B61F /* ConditionalViewToggleAnim.swift */,
				72699E972B3124BD0000B61F /* CustomTransitionAnim.swift */,
			);
			path = "Animations-6";
			sourceTree = "<group>";
		};
		727415432B2FADF500A6D6BE /* Preview Content */ = {
			isa = PBXGroup;
			children = (
				727415442B2FADF500A6D6BE /* Preview Assets.xcassets */,
			);
			path = "Preview Content";
			sourceTree = "<group>";
		};
/* End PBXGroup section */

/* Begin PBXNativeTarget section */
		727415392B2FADF400A6D6BE /* Animations-6 */ = {
			isa = PBXNativeTarget;
			buildConfigurationList = 727415482B2FADF500A6D6BE /* Build configuration list for PBXNativeTarget "Animations-6" */;
			buildPhases = (
				727415362B2FADF400A6D6BE /* Sources */,
				727415372B2FADF400A6D6BE /* Frameworks */,
				727415382B2FADF400A6D6BE /* Resources */,
			);
			buildRules = (
			);
			dependencies = (
			);
			name = "Animations-6";
			productName = "Animations-6";
			productReference = 7274153A2B2FADF400A6D6BE /* Animations-6.app */;
			productType = "com.apple.product-type.application";
		};
/* End PBXNativeTarget section */

/* Begin PBXProject section */
		727415322B2FADF400A6D6BE /* Project object */ = {
			isa = PBXProject;
			attributes = {
				BuildIndependentTargetsInParallel = 1;
				LastSwiftUpdateCheck = 1430;
				LastUpgradeCheck = 1430;
				TargetAttributes = {
					727415392B2FADF400A6D6BE = {
						CreatedOnToolsVersion = 14.3.1;
					};
				};
			};
			buildConfigurationList = 727415352B2FADF400A6D6BE /* Build configuration list for PBXProject "Animations-6" */;
			compatibilityVersion = "Xcode 14.0";
			developmentRegion = en;
			hasScannedForEncodings = 0;
			knownRegions = (
				en,
				Base,
			);
			mainGroup = 727415312B2FADF400A6D6BE;
			productRefGroup = 7274153B2B2FADF400A6D6BE /* Products */;
			projectDirPath = "";
			projectRoot = "";
			targets = (
				727415392B2FADF400A6D6BE /* Animations-6 */,
			);
		};
/* End PBXProject section */

/* Begin PBXResourcesBuildPhase section */
		727415382B2FADF400A6D6BE /* Resources */ = {
			isa = PBXResourcesBuildPhase;
			buildActionMask = 2147483647;
			files = (
				727415452B2FADF500A6D6BE /* Preview Assets.xcassets in Resources */,
				727415422B2FADF500A6D6BE /* Assets.xcassets in Resources */,
			);
			runOnlyForDeploymentPostprocessing = 0;
		};
/* End PBXResourcesBuildPhase section */

/* Begin PBXSourcesBuildPhase section */
		727415362B2FADF400A6D6BE /* Sources */ = {
			isa = PBXSourcesBuildPhase;
			buildActionMask = 2147483647;
			files = (
				72699E962B3118E20000B61F /* ConditionalViewToggleAnim.swift in Sources */,
				7274154C2B30088400A6D6BE /* GestureAnimaitonBoxDrag.swift in Sources */,
				72699E942B3116960000B61F /* TextGestureAnimation.swift in Sources */,
				727415402B2FADF400A6D6BE /* ContentView.swift in Sources */,
				72699E982B3124BD0000B61F /* CustomTransitionAnim.swift in Sources */,
				7274153E2B2FADF400A6D6BE /* Animations_6App.swift in Sources */,
			);
			runOnlyForDeploymentPostprocessing = 0;
		};
/* End PBXSourcesBuildPhase section */

/* Begin XCBuildConfiguration section */
		727415462B2FADF500A6D6BE /* Debug */ = {
			isa = XCBuildConfiguration;
			buildSettings = {
				ALWAYS_SEARCH_USER_PATHS = NO;
				CLANG_ANALYZER_NONNULL = YES;
				CLANG_ANALYZER_NUMBER_OBJECT_CONVERSION = YES_AGGRESSIVE;
				CLANG_CXX_LANGUAGE_STANDARD = "gnu++20";
				CLANG_ENABLE_MODULES = YES;
				CLANG_ENABLE_OBJC_ARC = YES;
				CLANG_ENABLE_OBJC_WEAK = YES;
				CLANG_WARN_BLOCK_CAPTURE_AUTORELEASING = YES;
				CLANG_WARN_BOOL_CONVERSION = YES;
				CLANG_WARN_COMMA = YES;
				CLANG_WARN_CONSTANT_CONVERSION = YES;
				CLANG_WARN_DEPRECATED_OBJC_IMPLEMENTATIONS = YES;
				CLANG_WARN_DIRECT_OBJC_ISA_USAGE = YES_ERROR;
				CLANG_WARN_DOCUMENTATION_COMMENTS = YES;
				CLANG_WARN_EMPTY_BODY = YES;
				CLANG_WARN_ENUM_CONVERSION = YES;
				CLANG_WARN_INFINITE_RECURSION = YES;
				CLANG_WARN_INT_CONVERSION = YES;
				CLANG_WARN_NON_LITERAL_NULL_CONVERSION = YES;
				CLANG_WARN_OBJC_IMPLICIT_RETAIN_SELF = YES;
				CLANG_WARN_OBJC_LITERAL_CONVERSION = YES;
				CLANG_WARN_OBJC_ROOT_CLASS = YES_ERROR;
				CLANG_WARN_QUOTED_INCLUDE_IN_FRAMEWORK_HEADER = YES;
				CLANG_WARN_RANGE_LOOP_ANALYSIS = YES;
				CLANG_WARN_STRICT_PROTOTYPES = YES;
				CLANG_WARN_SUSPICIOUS_MOVE = YES;
				CLANG_WARN_UNGUARDED_AVAILABILITY = YES_AGGRESSIVE;
				CLANG_WARN_UNREACHABLE_CODE = YES;
				CLANG_WARN__DUPLICATE_METHOD_MATCH = YES;
				COPY_PHASE_STRIP = NO;
				DEBUG_INFORMATION_FORMAT = dwarf;
				ENABLE_STRICT_OBJC_MSGSEND = YES;
				ENABLE_TESTABILITY = YES;
				GCC_C_LANGUAGE_STANDARD = gnu11;
				GCC_DYNAMIC_NO_PIC = NO;
				GCC_NO_COMMON_BLOCKS = YES;
				GCC_OPTIMIZATION_LEVEL = 0;
				GCC_PREPROCESSOR_DEFINITIONS = (
					"DEBUG=1",
					"$(inherited)",
				);
				GCC_WARN_64_TO_32_BIT_CONVERSION = YES;
				GCC_WARN_ABOUT_RETURN_TYPE = YES_ERROR;
				GCC_WARN_UNDECLARED_SELECTOR = YES;
				GCC_WARN_UNINITIALIZED_AUTOS = YES_AGGRESSIVE;
				GCC_WARN_UNUSED_FUNCTION = YES;
				GCC_WARN_UNUSED_VARIABLE = YES;
				IPHONEOS_DEPLOYMENT_TARGET = 16.4;
				MTL_ENABLE_DEBUG_INFO = INCLUDE_SOURCE;
				MTL_FAST_MATH = YES;
				ONLY_ACTIVE_ARCH = YES;
				SDKROOT = iphoneos;
				SWIFT_ACTIVE_COMPILATION_CONDITIONS = DEBUG;
				SWIFT_OPTIMIZATION_LEVEL = "-Onone";
			};
			name = Debug;
		};
		727415472B2FADF500A6D6BE /* Release */ = {
			isa = XCBuildConfiguration;
			buildSettings = {
				ALWAYS_SEARCH_USER_PATHS = NO;
				CLANG_ANALYZER_NONNULL = YES;
				CLANG_ANALYZER_NUMBER_OBJECT_CONVERSION = YES_AGGRESSIVE;
				CLANG_CXX_LANGUAGE_STANDARD = "gnu++20";
				CLANG_ENABLE_MODULES = YES;
				CLANG_ENABLE_OBJC_ARC = YES;
				CLANG_ENABLE_OBJC_WEAK = YES;
				CLANG_WARN_BLOCK_CAPTURE_AUTORELEASING = YES;
				CLANG_WARN_BOOL_CONVERSION = YES;
				CLANG_WARN_COMMA = YES;
				CLANG_WARN_CONSTANT_CONVERSION = YES;
				CLANG_WARN_DEPRECATED_OBJC_IMPLEMENTATIONS = YES;
				CLANG_WARN_DIRECT_OBJC_ISA_USAGE = YES_ERROR;
				CLANG_WARN_DOCUMENTATION_COMMENTS = YES;
				CLANG_WARN_EMPTY_BODY = YES;
				CLANG_WARN_ENUM_CONVERSION = YES;
				CLANG_WARN_INFINITE_RECURSION = YES;
				CLANG_WARN_INT_CONVERSION = YES;
				CLANG_WARN_NON_LITERAL_NULL_CONVERSION = YES;
				CLANG_WARN_OBJC_IMPLICIT_RETAIN_SELF = YES;
				CLANG_WARN_OBJC_LITERAL_CONVERSION = YES;
				CLANG_WARN_OBJC_ROOT_CLASS = YES_ERROR;
				CLANG_WARN_QUOTED_INCLUDE_IN_FRAMEWORK_HEADER = YES;
				CLANG_WARN_RANGE_LOOP_ANALYSIS = YES;
				CLANG_WARN_STRICT_PROTOTYPES = YES;
				CLANG_WARN_SUSPICIOUS_MOVE = YES;
				CLANG_WARN_UNGUARDED_AVAILABILITY = YES_AGGRESSIVE;
				CLANG_WARN_UNREACHABLE_CODE = YES;
				CLANG_WARN__DUPLICATE_METHOD_MATCH = YES;
				COPY_PHASE_STRIP = NO;
				DEBUG_INFORMATION_FORMAT = "dwarf-with-dsym";
				ENABLE_NS_ASSERTIONS = NO;
				ENABLE_STRICT_OBJC_MSGSEND = YES;
				GCC_C_LANGUAGE_STANDARD = gnu11;
				GCC_NO_COMMON_BLOCKS = YES;
				GCC_WARN_64_TO_32_BIT_CONVERSION = YES;
				GCC_WARN_ABOUT_RETURN_TYPE = YES_ERROR;
				GCC_WARN_UNDECLARED_SELECTOR = YES;
				GCC_WARN_UNINITIALIZED_AUTOS = YES_AGGRESSIVE;
				GCC_WARN_UNUSED_FUNCTION = YES;
				GCC_WARN_UNUSED_VARIABLE = YES;
				IPHONEOS_DEPLOYMENT_TARGET = 16.4;
				MTL_ENABLE_DEBUG_INFO = NO;
				MTL_FAST_MATH = YES;
				SDKROOT = iphoneos;
				SWIFT_COMPILATION_MODE = wholemodule;
				SWIFT_OPTIMIZATION_LEVEL = "-O";
				VALIDATE_PRODUCT = YES;
			};
			name = Release;
		};
		727415492B2FADF500A6D6BE /* Debug */ = {
			isa = XCBuildConfiguration;
			buildSettings = {
				ASSETCATALOG_COMPILER_APPICON_NAME = AppIcon;
				ASSETCATALOG_COMPILER_GLOBAL_ACCENT_COLOR_NAME = AccentColor;
				CODE_SIGN_STYLE = Automatic;
				CURRENT_PROJECT_VERSION = 1;
				DEVELOPMENT_ASSET_PATHS = "\"Animations-6/Preview Content\"";
				ENABLE_PREVIEWS = YES;
				GENERATE_INFOPLIST_FILE = YES;
				INFOPLIST_KEY_UIApplicationSceneManifest_Generation = YES;
				INFOPLIST_KEY_UIApplicationSupportsIndirectInputEvents = YES;
				INFOPLIST_KEY_UILaunchScreen_Generation = YES;
				INFOPLIST_KEY_UISupportedInterfaceOrientations_iPad = "UIInterfaceOrientationPortrait UIInterfaceOrientationPortraitUpsideDown UIInterfaceOrientationLandscapeLeft UIInterfaceOrientationLandscapeRight";
				INFOPLIST_KEY_UISupportedInterfaceOrientations_iPhone = "UIInterfaceOrientationPortrait UIInterfaceOrientationLandscapeLeft UIInterfaceOrientationLandscapeRight";
				LD_RUNPATH_SEARCH_PATHS = (
					"$(inherited)",
					"@executable_path/Frameworks",
				);
				MARKETING_VERSION = 1.0;
				PRODUCT_BUNDLE_IDENTIFIER = "com.websolverpro.Animations-6";
				PRODUCT_NAME = "$(TARGET_NAME)";
				SWIFT_EMIT_LOC_STRINGS = YES;
				SWIFT_VERSION = 5.0;
				TARGETED_DEVICE_FAMILY = "1,2";
			};
			name = Debug;
		};
		7274154A2B2FADF500A6D6BE /* Release */ = {
			isa = XCBuildConfiguration;
			buildSettings = {
				ASSETCATALOG_COMPILER_APPICON_NAME = AppIcon;
				ASSETCATALOG_COMPILER_GLOBAL_ACCENT_COLOR_NAME = AccentColor;
				CODE_SIGN_STYLE = Automatic;
				CURRENT_PROJECT_VERSION = 1;
				DEVELOPMENT_ASSET_PATHS = "\"Animations-6/Preview Content\"";
				ENABLE_PREVIEWS = YES;
				GENERATE_INFOPLIST_FILE = YES;
				INFOPLIST_KEY_UIApplicationSceneManifest_Generation = YES;
				INFOPLIST_KEY_UIApplicationSupportsIndirectInputEvents = YES;
				INFOPLIST_KEY_UILaunchScreen_Generation = YES;
				INFOPLIST_KEY_UISupportedInterfaceOrientations_iPad = "UIInterfaceOrientationPortrait UIInterfaceOrientationPortraitUpsideDown UIInterfaceOrientationLandscapeLeft UIInterfaceOrientationLandscapeRight";
				INFOPLIST_KEY_UISupportedInterfaceOrientations_iPhone = "UIInterfaceOrientationPortrait UIInterfaceOrientationLandscapeLeft UIInterfaceOrientationLandscapeRight";
				LD_RUNPATH_SEARCH_PATHS = (
					"$(inherited)",
					"@executable_path/Frameworks",
				);
				MARKETING_VERSION = 1.0;
				PRODUCT_BUNDLE_IDENTIFIER = "com.websolverpro.Animations-6";
				PRODUCT_NAME = "$(TARGET_NAME)";
				SWIFT_EMIT_LOC_STRINGS = YES;
				SWIFT_VERSION = 5.0;
				TARGETED_DEVICE_FAMILY = "1,2";
			};
			name = Release;
		};
/* End XCBuildConfiguration section */

/* Begin XCConfigurationList section */
		727415352B2FADF400A6D6BE /* Build configuration list for PBXProject "Animations-6" */ = {
			isa = XCConfigurationList;
			buildConfigurations = (
				727415462B2FADF500A6D6BE /* Debug */,
				727415472B2FADF500A6D6BE /* Release */,
			);
			defaultConfigurationIsVisible = 0;
			defaultConfigurationName = Release;
		};
		727415482B2FADF500A6D6BE /* Build configuration list for PBXNativeTarget "Animations-6" */ = {
			isa = XCConfigurationList;
			buildConfigurations = (
				727415492B2FADF500A6D6BE /* Debug */,
				7274154A2B2FADF500A6D6BE /* Release */,
			);
			defaultConfigurationIsVisible = 0;
			defaultConfigurationName = Release;
		};
/* End XCConfigurationList section */
	};
	rootObject = 727415322B2FADF400A6D6BE /* Project object */;
}
