// !$*UTF8*$!
{
	archiveVersion = 1;
	classes = {
	};
	objectVersion = 77;
	objects = {

/* Begin PBXContainerItemProxy section */
		727FA20B2D2D05FB001CDB7C /* PBXContainerItemProxy */ = {
			isa = PBXContainerItemProxy;
			containerPortal = 727FA1EC2D2D05F9001CDB7C /* Project object */;
			proxyType = 1;
			remoteGlobalIDString = 727FA1F32D2D05F9001CDB7C;
			remoteInfo = "First-uikit-no-interface-builder";
		};
		727FA2152D2D05FB001CDB7C /* PBXContainerItemProxy */ = {
			isa = PBXContainerItemProxy;
			containerPortal = 727FA1EC2D2D05F9001CDB7C /* Project object */;
			proxyType = 1;
			remoteGlobalIDString = 727FA1F32D2D05F9001CDB7C;
			remoteInfo = "First-uikit-no-interface-builder";
		};
/* End PBXContainerItemProxy section */

/* Begin PBXFileReference section */
		727FA1F42D2D05F9001CDB7C /* First-uikit-no-interface-builder.app */ = {isa = PBXFileReference; explicitFileType = wrapper.application; includeInIndex = 0; path = "First-uikit-no-interface-builder.app"; sourceTree = BUILT_PRODUCTS_DIR; };
		727FA20A2D2D05FB001CDB7C /* First-uikit-no-interface-builderTests.xctest */ = {isa = PBXFileReference; explicitFileType = wrapper.cfbundle; includeInIndex = 0; path = "First-uikit-no-interface-builderTests.xctest"; sourceTree = BUILT_PRODUCTS_DIR; };
		727FA2142D2D05FB001CDB7C /* First-uikit-no-interface-builderUITests.xctest */ = {isa = PBXFileReference; explicitFileType = wrapper.cfbundle; includeInIndex = 0; path = "First-uikit-no-interface-builderUITests.xctest"; sourceTree = BUILT_PRODUCTS_DIR; };
/* End PBXFileReference section */

/* Begin PBXFileSystemSynchronizedBuildFileExceptionSet section */
		727FA21C2D2D05FB001CDB7C /* Exceptions for "First-uikit-no-interface-builder" folder in "First-uikit-no-interface-builder" target */ = {
			isa = PBXFileSystemSynchronizedBuildFileExceptionSet;
			membershipExceptions = (
				Info.plist,
			);
			target = 727FA1F32D2D05F9001CDB7C /* First-uikit-no-interface-builder */;
		};
/* End PBXFileSystemSynchronizedBuildFileExceptionSet section */

/* Begin PBXFileSystemSynchronizedRootGroup section */
		727FA1F62D2D05F9001CDB7C /* First-uikit-no-interface-builder */ = {
			isa = PBXFileSystemSynchronizedRootGroup;
			exceptions = (
				727FA21C2D2D05FB001CDB7C /* Exceptions for "First-uikit-no-interface-builder" folder in "First-uikit-no-interface-builder" target */,
			);
			path = "First-uikit-no-interface-builder";
			sourceTree = "<group>";
		};
		727FA20D2D2D05FB001CDB7C /* First-uikit-no-interface-builderTests */ = {
			isa = PBXFileSystemSynchronizedRootGroup;
			path = "First-uikit-no-interface-builderTests";
			sourceTree = "<group>";
		};
		727FA2172D2D05FB001CDB7C /* First-uikit-no-interface-builderUITests */ = {
			isa = PBXFileSystemSynchronizedRootGroup;
			path = "First-uikit-no-interface-builderUITests";
			sourceTree = "<group>";
		};
/* End PBXFileSystemSynchronizedRootGroup section */

/* Begin PBXFrameworksBuildPhase section */
		727FA1F12D2D05F9001CDB7C /* Frameworks */ = {
			isa = PBXFrameworksBuildPhase;
			buildActionMask = 2147483647;
			files = (
			);
			runOnlyForDeploymentPostprocessing = 0;
		};
		727FA2072D2D05FB001CDB7C /* Frameworks */ = {
			isa = PBXFrameworksBuildPhase;
			buildActionMask = 2147483647;
			files = (
			);
			runOnlyForDeploymentPostprocessing = 0;
		};
		727FA2112D2D05FB001CDB7C /* Frameworks */ = {
			isa = PBXFrameworksBuildPhase;
			buildActionMask = 2147483647;
			files = (
			);
			runOnlyForDeploymentPostprocessing = 0;
		};
/* End PBXFrameworksBuildPhase section */

/* Begin PBXGroup section */
		727FA1EB2D2D05F9001CDB7C = {
			isa = PBXGroup;
			children = (
				727FA1F62D2D05F9001CDB7C /* First-uikit-no-interface-builder */,
				727FA20D2D2D05FB001CDB7C /* First-uikit-no-interface-builderTests */,
				727FA2172D2D05FB001CDB7C /* First-uikit-no-interface-builderUITests */,
				727FA1F52D2D05F9001CDB7C /* Products */,
			);
			sourceTree = "<group>";
		};
		727FA1F52D2D05F9001CDB7C /* Products */ = {
			isa = PBXGroup;
			children = (
				727FA1F42D2D05F9001CDB7C /* First-uikit-no-interface-builder.app */,
				727FA20A2D2D05FB001CDB7C /* First-uikit-no-interface-builderTests.xctest */,
				727FA2142D2D05FB001CDB7C /* First-uikit-no-interface-builderUITests.xctest */,
			);
			name = Products;
			sourceTree = "<group>";
		};
/* End PBXGroup section */

/* Begin PBXNativeTarget section */
		727FA1F32D2D05F9001CDB7C /* First-uikit-no-interface-builder */ = {
			isa = PBXNativeTarget;
			buildConfigurationList = 727FA21D2D2D05FB001CDB7C /* Build configuration list for PBXNativeTarget "First-uikit-no-interface-builder" */;
			buildPhases = (
				727FA1F02D2D05F9001CDB7C /* Sources */,
				727FA1F12D2D05F9001CDB7C /* Frameworks */,
				727FA1F22D2D05F9001CDB7C /* Resources */,
			);
			buildRules = (
			);
			dependencies = (
			);
			fileSystemSynchronizedGroups = (
				727FA1F62D2D05F9001CDB7C /* First-uikit-no-interface-builder */,
			);
			name = "First-uikit-no-interface-builder";
			packageProductDependencies = (
			);
			productName = "First-uikit-no-interface-builder";
			productReference = 727FA1F42D2D05F9001CDB7C /* First-uikit-no-interface-builder.app */;
			productType = "com.apple.product-type.application";
		};
		727FA2092D2D05FB001CDB7C /* First-uikit-no-interface-builderTests */ = {
			isa = PBXNativeTarget;
			buildConfigurationList = 727FA2222D2D05FB001CDB7C /* Build configuration list for PBXNativeTarget "First-uikit-no-interface-builderTests" */;
			buildPhases = (
				727FA2062D2D05FB001CDB7C /* Sources */,
				727FA2072D2D05FB001CDB7C /* Frameworks */,
				727FA2082D2D05FB001CDB7C /* Resources */,
			);
			buildRules = (
			);
			dependencies = (
				727FA20C2D2D05FB001CDB7C /* PBXTargetDependency */,
			);
			fileSystemSynchronizedGroups = (
				727FA20D2D2D05FB001CDB7C /* First-uikit-no-interface-builderTests */,
			);
			name = "First-uikit-no-interface-builderTests";
			packageProductDependencies = (
			);
			productName = "First-uikit-no-interface-builderTests";
			productReference = 727FA20A2D2D05FB001CDB7C /* First-uikit-no-interface-builderTests.xctest */;
			productType = "com.apple.product-type.bundle.unit-test";
		};
		727FA2132D2D05FB001CDB7C /* First-uikit-no-interface-builderUITests */ = {
			isa = PBXNativeTarget;
			buildConfigurationList = 727FA2252D2D05FB001CDB7C /* Build configuration list for PBXNativeTarget "First-uikit-no-interface-builderUITests" */;
			buildPhases = (
				727FA2102D2D05FB001CDB7C /* Sources */,
				727FA2112D2D05FB001CDB7C /* Frameworks */,
				727FA2122D2D05FB001CDB7C /* Resources */,
			);
			buildRules = (
			);
			dependencies = (
				727FA2162D2D05FB001CDB7C /* PBXTargetDependency */,
			);
			fileSystemSynchronizedGroups = (
				727FA2172D2D05FB001CDB7C /* First-uikit-no-interface-builderUITests */,
			);
			name = "First-uikit-no-interface-builderUITests";
			packageProductDependencies = (
			);
			productName = "First-uikit-no-interface-builderUITests";
			productReference = 727FA2142D2D05FB001CDB7C /* First-uikit-no-interface-builderUITests.xctest */;
			productType = "com.apple.product-type.bundle.ui-testing";
		};
/* End PBXNativeTarget section */

/* Begin PBXProject section */
		727FA1EC2D2D05F9001CDB7C /* Project object */ = {
			isa = PBXProject;
			attributes = {
				BuildIndependentTargetsInParallel = 1;
				LastSwiftUpdateCheck = 1620;
				LastUpgradeCheck = 1620;
				TargetAttributes = {
					727FA1F32D2D05F9001CDB7C = {
						CreatedOnToolsVersion = 16.2;
					};
					727FA2092D2D05FB001CDB7C = {
						CreatedOnToolsVersion = 16.2;
						TestTargetID = 727FA1F32D2D05F9001CDB7C;
					};
					727FA2132D2D05FB001CDB7C = {
						CreatedOnToolsVersion = 16.2;
						TestTargetID = 727FA1F32D2D05F9001CDB7C;
					};
				};
			};
			buildConfigurationList = 727FA1EF2D2D05F9001CDB7C /* Build configuration list for PBXProject "First-uikit-no-interface-builder" */;
			developmentRegion = en;
			hasScannedForEncodings = 0;
			knownRegions = (
				en,
				Base,
			);
			mainGroup = 727FA1EB2D2D05F9001CDB7C;
			minimizedProjectReferenceProxies = 1;
			preferredProjectObjectVersion = 77;
			productRefGroup = 727FA1F52D2D05F9001CDB7C /* Products */;
			projectDirPath = "";
			projectRoot = "";
			targets = (
				727FA1F32D2D05F9001CDB7C /* First-uikit-no-interface-builder */,
				727FA2092D2D05FB001CDB7C /* First-uikit-no-interface-builderTests */,
				727FA2132D2D05FB001CDB7C /* First-uikit-no-interface-builderUITests */,
			);
		};
/* End PBXProject section */

/* Begin PBXResourcesBuildPhase section */
		727FA1F22D2D05F9001CDB7C /* Resources */ = {
			isa = PBXResourcesBuildPhase;
			buildActionMask = 2147483647;
			files = (
			);
			runOnlyForDeploymentPostprocessing = 0;
		};
		727FA2082D2D05FB001CDB7C /* Resources */ = {
			isa = PBXResourcesBuildPhase;
			buildActionMask = 2147483647;
			files = (
			);
			runOnlyForDeploymentPostprocessing = 0;
		};
		727FA2122D2D05FB001CDB7C /* Resources */ = {
			isa = PBXResourcesBuildPhase;
			buildActionMask = 2147483647;
			files = (
			);
			runOnlyForDeploymentPostprocessing = 0;
		};
/* End PBXResourcesBuildPhase section */

/* Begin PBXSourcesBuildPhase section */
		727FA1F02D2D05F9001CDB7C /* Sources */ = {
			isa = PBXSourcesBuildPhase;
			buildActionMask = 2147483647;
			files = (
			);
			runOnlyForDeploymentPostprocessing = 0;
		};
		727FA2062D2D05FB001CDB7C /* Sources */ = {
			isa = PBXSourcesBuildPhase;
			buildActionMask = 2147483647;
			files = (
			);
			runOnlyForDeploymentPostprocessing = 0;
		};
		727FA2102D2D05FB001CDB7C /* Sources */ = {
			isa = PBXSourcesBuildPhase;
			buildActionMask = 2147483647;
			files = (
			);
			runOnlyForDeploymentPostprocessing = 0;
		};
/* End PBXSourcesBuildPhase section */

/* Begin PBXTargetDependency section */
		727FA20C2D2D05FB001CDB7C /* PBXTargetDependency */ = {
			isa = PBXTargetDependency;
			target = 727FA1F32D2D05F9001CDB7C /* First-uikit-no-interface-builder */;
			targetProxy = 727FA20B2D2D05FB001CDB7C /* PBXContainerItemProxy */;
		};
		727FA2162D2D05FB001CDB7C /* PBXTargetDependency */ = {
			isa = PBXTargetDependency;
			target = 727FA1F32D2D05F9001CDB7C /* First-uikit-no-interface-builder */;
			targetProxy = 727FA2152D2D05FB001CDB7C /* PBXContainerItemProxy */;
		};
/* End PBXTargetDependency section */

/* Begin XCBuildConfiguration section */
		727FA21E2D2D05FB001CDB7C /* Debug */ = {
			isa = XCBuildConfiguration;
			buildSettings = {
				ASSETCATALOG_COMPILER_APPICON_NAME = AppIcon;
				ASSETCATALOG_COMPILER_GLOBAL_ACCENT_COLOR_NAME = AccentColor;
				CODE_SIGN_STYLE = Automatic;
				CURRENT_PROJECT_VERSION = 1;
				GENERATE_INFOPLIST_FILE = YES;
				INFOPLIST_FILE = "First-uikit-no-interface-builder/Info.plist";
				INFOPLIST_KEY_UIApplicationSupportsIndirectInputEvents = YES;
				INFOPLIST_KEY_UILaunchStoryboardName = LaunchScreen;
				INFOPLIST_KEY_UIMainStoryboardFile = Main;
				INFOPLIST_KEY_UISupportedInterfaceOrientations_iPad = "UIInterfaceOrientationPortrait UIInterfaceOrientationPortraitUpsideDown UIInterfaceOrientationLandscapeLeft UIInterfaceOrientationLandscapeRight";
				INFOPLIST_KEY_UISupportedInterfaceOrientations_iPhone = "UIInterfaceOrientationPortrait UIInterfaceOrientationLandscapeLeft UIInterfaceOrientationLandscapeRight";
				LD_RUNPATH_SEARCH_PATHS = (
					"$(inherited)",
					"@executable_path/Frameworks",
				);
				MARKETING_VERSION = 1.0;
				PRODUCT_BUNDLE_IDENTIFIER = "com.websolverpro.First-uikit-no-interface-builder";
				PRODUCT_NAME = "$(TARGET_NAME)";
				SUPPORTED_PLATFORMS = "iphoneos iphonesimulator";
				SUPPORTS_MACCATALYST = NO;
				SUPPORTS_MAC_DESIGNED_FOR_IPHONE_IPAD = NO;
				SUPPORTS_XR_DESIGNED_FOR_IPHONE_IPAD = NO;
				SWIFT_EMIT_LOC_STRINGS = YES;
				SWIFT_VERSION = 5.0;
				TARGETED_DEVICE_FAMILY = 1;
			};
			name = Debug;
		};
		727FA21F2D2D05FB001CDB7C /* Release */ = {
			isa = XCBuildConfiguration;
			buildSettings = {
				ASSETCATALOG_COMPILER_APPICON_NAME = AppIcon;
				ASSETCATALOG_COMPILER_GLOBAL_ACCENT_COLOR_NAME = AccentColor;
				CODE_SIGN_STYLE = Automatic;
				CURRENT_PROJECT_VERSION = 1;
				GENERATE_INFOPLIST_FILE = YES;
				INFOPLIST_FILE = "First-uikit-no-interface-builder/Info.plist";
				INFOPLIST_KEY_UIApplicationSupportsIndirectInputEvents = YES;
				INFOPLIST_KEY_UILaunchStoryboardName = LaunchScreen;
				INFOPLIST_KEY_UIMainStoryboardFile = Main;
				INFOPLIST_KEY_UISupportedInterfaceOrientations_iPad = "UIInterfaceOrientationPortrait UIInterfaceOrientationPortraitUpsideDown UIInterfaceOrientationLandscapeLeft UIInterfaceOrientationLandscapeRight";
				INFOPLIST_KEY_UISupportedInterfaceOrientations_iPhone = "UIInterfaceOrientationPortrait UIInterfaceOrientationLandscapeLeft UIInterfaceOrientationLandscapeRight";
				LD_RUNPATH_SEARCH_PATHS = (
					"$(inherited)",
					"@executable_path/Frameworks",
				);
				MARKETING_VERSION = 1.0;
				PRODUCT_BUNDLE_IDENTIFIER = "com.websolverpro.First-uikit-no-interface-builder";
				PRODUCT_NAME = "$(TARGET_NAME)";
				SUPPORTED_PLATFORMS = "iphoneos iphonesimulator";
				SUPPORTS_MACCATALYST = NO;
				SUPPORTS_MAC_DESIGNED_FOR_IPHONE_IPAD = NO;
				SUPPORTS_XR_DESIGNED_FOR_IPHONE_IPAD = NO;
				SWIFT_EMIT_LOC_STRINGS = YES;
				SWIFT_VERSION = 5.0;
				TARGETED_DEVICE_FAMILY = 1;
			};
			name = Release;
		};
		727FA2202D2D05FB001CDB7C /* Debug */ = {
			isa = XCBuildConfiguration;
			buildSettings = {
				ALWAYS_SEARCH_USER_PATHS = NO;
				ASSETCATALOG_COMPILER_GENERATE_SWIFT_ASSET_SYMBOL_EXTENSIONS = YES;
				CLANG_ANALYZER_NONNULL = YES;
				CLANG_ANALYZER_NUMBER_OBJECT_CONVERSION = YES_AGGRESSIVE;
				CLANG_CXX_LANGUAGE_STANDARD = "gnu++20";
				CLANG_ENABLE_MODULES = YES;
				CLANG_ENABLE_OBJC_ARC = YES;
				CLANG_ENABLE_OBJC_WEAK = YES;
				CLANG_WARN_BLOCK_CAPTURE_AUTORELEASING = YES;
				CLANG_WARN_BOOL_CONVERSION = YES;
				CLANG_WARN_COMMA = YES;
				CLANG_WARN_CONSTANT_CONVERSION = YES;
				CLANG_WARN_DEPRECATED_OBJC_IMPLEMENTATIONS = YES;
				CLANG_WARN_DIRECT_OBJC_ISA_USAGE = YES_ERROR;
				CLANG_WARN_DOCUMENTATION_COMMENTS = YES;
				CLANG_WARN_EMPTY_BODY = YES;
				CLANG_WARN_ENUM_CONVERSION = YES;
				CLANG_WARN_INFINITE_RECURSION = YES;
				CLANG_WARN_INT_CONVERSION = YES;
				CLANG_WARN_NON_LITERAL_NULL_CONVERSION = YES;
				CLANG_WARN_OBJC_IMPLICIT_RETAIN_SELF = YES;
				CLANG_WARN_OBJC_LITERAL_CONVERSION = YES;
				CLANG_WARN_OBJC_ROOT_CLASS = YES_ERROR;
				CLANG_WARN_QUOTED_INCLUDE_IN_FRAMEWORK_HEADER = YES;
				CLANG_WARN_RANGE_LOOP_ANALYSIS = YES;
				CLANG_WARN_STRICT_PROTOTYPES = YES;
				CLANG_WARN_SUSPICIOUS_MOVE = YES;
				CLANG_WARN_UNGUARDED_AVAILABILITY = YES_AGGRESSIVE;
				CLANG_WARN_UNREACHABLE_CODE = YES;
				CLANG_WARN__DUPLICATE_METHOD_MATCH = YES;
				COPY_PHASE_STRIP = NO;
				DEBUG_INFORMATION_FORMAT = dwarf;
				ENABLE_STRICT_OBJC_MSGSEND = YES;
				ENABLE_TESTABILITY = YES;
				ENABLE_USER_SCRIPT_SANDBOXING = YES;
				GCC_C_LANGUAGE_STANDARD = gnu17;
				GCC_DYNAMIC_NO_PIC = NO;
				GCC_NO_COMMON_BLOCKS = YES;
				GCC_OPTIMIZATION_LEVEL = 0;
				GCC_PREPROCESSOR_DEFINITIONS = (
					"DEBUG=1",
					"$(inherited)",
				);
				GCC_WARN_64_TO_32_BIT_CONVERSION = YES;
				GCC_WARN_ABOUT_RETURN_TYPE = YES_ERROR;
				GCC_WARN_UNDECLARED_SELECTOR = YES;
				GCC_WARN_UNINITIALIZED_AUTOS = YES_AGGRESSIVE;
				GCC_WARN_UNUSED_FUNCTION = YES;
				GCC_WARN_UNUSED_VARIABLE = YES;
				IPHONEOS_DEPLOYMENT_TARGET = 18.2;
				LOCALIZATION_PREFERS_STRING_CATALOGS = YES;
				MTL_ENABLE_DEBUG_INFO = INCLUDE_SOURCE;
				MTL_FAST_MATH = YES;
				ONLY_ACTIVE_ARCH = YES;
				SDKROOT = iphoneos;
				SWIFT_ACTIVE_COMPILATION_CONDITIONS = "DEBUG $(inherited)";
				SWIFT_OPTIMIZATION_LEVEL = "-Onone";
			};
			name = Debug;
		};
		727FA2212D2D05FB001CDB7C /* Release */ = {
			isa = XCBuildConfiguration;
			buildSettings = {
				ALWAYS_SEARCH_USER_PATHS = NO;
				ASSETCATALOG_COMPILER_GENERATE_SWIFT_ASSET_SYMBOL_EXTENSIONS = YES;
				CLANG_ANALYZER_NONNULL = YES;
				CLANG_ANALYZER_NUMBER_OBJECT_CONVERSION = YES_AGGRESSIVE;
				CLANG_CXX_LANGUAGE_STANDARD = "gnu++20";
				CLANG_ENABLE_MODULES = YES;
				CLANG_ENABLE_OBJC_ARC = YES;
				CLANG_ENABLE_OBJC_WEAK = YES;
				CLANG_WARN_BLOCK_CAPTURE_AUTORELEASING = YES;
				CLANG_WARN_BOOL_CONVERSION = YES;
				CLANG_WARN_COMMA = YES;
				CLANG_WARN_CONSTANT_CONVERSION = YES;
				CLANG_WARN_DEPRECATED_OBJC_IMPLEMENTATIONS = YES;
				CLANG_WARN_DIRECT_OBJC_ISA_USAGE = YES_ERROR;
				CLANG_WARN_DOCUMENTATION_COMMENTS = YES;
				CLANG_WARN_EMPTY_BODY = YES;
				CLANG_WARN_ENUM_CONVERSION = YES;
				CLANG_WARN_INFINITE_RECURSION = YES;
				CLANG_WARN_INT_CONVERSION = YES;
				CLANG_WARN_NON_LITERAL_NULL_CONVERSION = YES;
				CLANG_WARN_OBJC_IMPLICIT_RETAIN_SELF = YES;
				CLANG_WARN_OBJC_LITERAL_CONVERSION = YES;
				CLANG_WARN_OBJC_ROOT_CLASS = YES_ERROR;
				CLANG_WARN_QUOTED_INCLUDE_IN_FRAMEWORK_HEADER = YES;
				CLANG_WARN_RANGE_LOOP_ANALYSIS = YES;
				CLANG_WARN_STRICT_PROTOTYPES = YES;
				CLANG_WARN_SUSPICIOUS_MOVE = YES;
				CLANG_WARN_UNGUARDED_AVAILABILITY = YES_AGGRESSIVE;
				CLANG_WARN_UNREACHABLE_CODE = YES;
				CLANG_WARN__DUPLICATE_METHOD_MATCH = YES;
				COPY_PHASE_STRIP = NO;
				DEBUG_INFORMATION_FORMAT = "dwarf-with-dsym";
				ENABLE_NS_ASSERTIONS = NO;
				ENABLE_STRICT_OBJC_MSGSEND = YES;
				ENABLE_USER_SCRIPT_SANDBOXING = YES;
				GCC_C_LANGUAGE_STANDARD = gnu17;
				GCC_NO_COMMON_BLOCKS = YES;
				GCC_WARN_64_TO_32_BIT_CONVERSION = YES;
				GCC_WARN_ABOUT_RETURN_TYPE = YES_ERROR;
				GCC_WARN_UNDECLARED_SELECTOR = YES;
				GCC_WARN_UNINITIALIZED_AUTOS = YES_AGGRESSIVE;
				GCC_WARN_UNUSED_FUNCTION = YES;
				GCC_WARN_UNUSED_VARIABLE = YES;
				IPHONEOS_DEPLOYMENT_TARGET = 18.2;
				LOCALIZATION_PREFERS_STRING_CATALOGS = YES;
				MTL_ENABLE_DEBUG_INFO = NO;
				MTL_FAST_MATH = YES;
				SDKROOT = iphoneos;
				SWIFT_COMPILATION_MODE = wholemodule;
				VALIDATE_PRODUCT = YES;
			};
			name = Release;
		};
		727FA2232D2D05FB001CDB7C /* Debug */ = {
			isa = XCBuildConfiguration;
			buildSettings = {
				BUNDLE_LOADER = "$(TEST_HOST)";
				CODE_SIGN_STYLE = Automatic;
				CURRENT_PROJECT_VERSION = 1;
				GENERATE_INFOPLIST_FILE = YES;
				IPHONEOS_DEPLOYMENT_TARGET = 18.2;
				MARKETING_VERSION = 1.0;
				PRODUCT_BUNDLE_IDENTIFIER = "com.websolverpro.First-uikit-no-interface-builderTests";
				PRODUCT_NAME = "$(TARGET_NAME)";
				SWIFT_EMIT_LOC_STRINGS = NO;
				SWIFT_VERSION = 5.0;
				TARGETED_DEVICE_FAMILY = "1,2";
				TEST_HOST = "$(BUILT_PRODUCTS_DIR)/First-uikit-no-interface-builder.app/$(BUNDLE_EXECUTABLE_FOLDER_PATH)/First-uikit-no-interface-builder";
			};
			name = Debug;
		};
		727FA2242D2D05FB001CDB7C /* Release */ = {
			isa = XCBuildConfiguration;
			buildSettings = {
				BUNDLE_LOADER = "$(TEST_HOST)";
				CODE_SIGN_STYLE = Automatic;
				CURRENT_PROJECT_VERSION = 1;
				GENERATE_INFOPLIST_FILE = YES;
				IPHONEOS_DEPLOYMENT_TARGET = 18.2;
				MARKETING_VERSION = 1.0;
				PRODUCT_BUNDLE_IDENTIFIER = "com.websolverpro.First-uikit-no-interface-builderTests";
				PRODUCT_NAME = "$(TARGET_NAME)";
				SWIFT_EMIT_LOC_STRINGS = NO;
				SWIFT_VERSION = 5.0;
				TARGETED_DEVICE_FAMILY = "1,2";
				TEST_HOST = "$(BUILT_PRODUCTS_DIR)/First-uikit-no-interface-builder.app/$(BUNDLE_EXECUTABLE_FOLDER_PATH)/First-uikit-no-interface-builder";
			};
			name = Release;
		};
		727FA2262D2D05FB001CDB7C /* Debug */ = {
			isa = XCBuildConfiguration;
			buildSettings = {
				CODE_SIGN_STYLE = Automatic;
				CURRENT_PROJECT_VERSION = 1;
				GENERATE_INFOPLIST_FILE = YES;
				MARKETING_VERSION = 1.0;
				PRODUCT_BUNDLE_IDENTIFIER = "com.websolverpro.First-uikit-no-interface-builderUITests";
				PRODUCT_NAME = "$(TARGET_NAME)";
				SWIFT_EMIT_LOC_STRINGS = NO;
				SWIFT_VERSION = 5.0;
				TARGETED_DEVICE_FAMILY = "1,2";
				TEST_TARGET_NAME = "First-uikit-no-interface-builder";
			};
			name = Debug;
		};
		727FA2272D2D05FB001CDB7C /* Release */ = {
			isa = XCBuildConfiguration;
			buildSettings = {
				CODE_SIGN_STYLE = Automatic;
				CURRENT_PROJECT_VERSION = 1;
				GENERATE_INFOPLIST_FILE = YES;
				MARKETING_VERSION = 1.0;
				PRODUCT_BUNDLE_IDENTIFIER = "com.websolverpro.First-uikit-no-interface-builderUITests";
				PRODUCT_NAME = "$(TARGET_NAME)";
				SWIFT_EMIT_LOC_STRINGS = NO;
				SWIFT_VERSION = 5.0;
				TARGETED_DEVICE_FAMILY = "1,2";
				TEST_TARGET_NAME = "First-uikit-no-interface-builder";
			};
			name = Release;
		};
/* End XCBuildConfiguration section */

/* Begin XCConfigurationList section */
		727FA1EF2D2D05F9001CDB7C /* Build configuration list for PBXProject "First-uikit-no-interface-builder" */ = {
			isa = XCConfigurationList;
			buildConfigurations = (
				727FA2202D2D05FB001CDB7C /* Debug */,
				727FA2212D2D05FB001CDB7C /* Release */,
			);
			defaultConfigurationIsVisible = 0;
			defaultConfigurationName = Release;
		};
		727FA21D2D2D05FB001CDB7C /* Build configuration list for PBXNativeTarget "First-uikit-no-interface-builder" */ = {
			isa = XCConfigurationList;
			buildConfigurations = (
				727FA21E2D2D05FB001CDB7C /* Debug */,
				727FA21F2D2D05FB001CDB7C /* Release */,
			);
			defaultConfigurationIsVisible = 0;
			defaultConfigurationName = Release;
		};
		727FA2222D2D05FB001CDB7C /* Build configuration list for PBXNativeTarget "First-uikit-no-interface-builderTests" */ = {
			isa = XCConfigurationList;
			buildConfigurations = (
				727FA2232D2D05FB001CDB7C /* Debug */,
				727FA2242D2D05FB001CDB7C /* Release */,
			);
			defaultConfigurationIsVisible = 0;
			defaultConfigurationName = Release;
		};
		727FA2252D2D05FB001CDB7C /* Build configuration list for PBXNativeTarget "First-uikit-no-interface-builderUITests" */ = {
			isa = XCConfigurationList;
			buildConfigurations = (
				727FA2262D2D05FB001CDB7C /* Debug */,
				727FA2272D2D05FB001CDB7C /* Release */,
			);
			defaultConfigurationIsVisible = 0;
			defaultConfigurationName = Release;
		};
/* End XCConfigurationList section */
	};
	rootObject = 727FA1EC2D2D05F9001CDB7C /* Project object */;
}
